
Microsoft Visual Studio Solution File, Format Version 12.00
# Visual Studio Version 16
VisualStudioVersion = 16.0.30711.63
MinimumVisualStudioVersion = 10.0.40219.1
Project("{9A19103F-16F7-4668-BE54-9A1E7A4F7556}") = "Stuble", "src\Stuble\Stuble.csproj", "{FAE5C4D8-53D2-42A9-ADF1-7B1557B6B892}"
EndProject
Project("{9A19103F-16F7-4668-BE54-9A1E7A4F7556}") = "Stuble.Tests", "test\Stuble.Tests\Stuble.Tests.csproj", "{6F479504-94CA-4D04-ABA5-1F7DDADD16E2}"
EndProject
Global
	GlobalSection(SolutionConfigurationPlatforms) = preSolution
		Debug|Any CPU = Debug|Any CPU
		Release|Any CPU = Release|Any CPU
	EndGlobalSection
	GlobalSection(ProjectConfigurationPlatforms) = postSolution
		{FAE5C4D8-53D2-42A9-ADF1-7B1557B6B892}.Debug|Any CPU.ActiveCfg = Debug|Any CPU
		{FAE5C4D8-53D2-42A9-ADF1-7B1557B6B892}.Debug|Any CPU.Build.0 = Debug|Any CPU
		{FAE5C4D8-53D2-42A9-ADF1-7B1557B6B892}.Release|Any CPU.ActiveCfg = Release|Any CPU
		{FAE5C4D8-53D2-42A9-ADF1-7B1557B6B892}.Release|Any CPU.Build.0 = Release|Any CPU
		{6F479504-94CA-4D04-ABA5-1F7DDADD16E2}.Debug|Any CPU.ActiveCfg = Debug|Any CPU
		{6F479504-94CA-4D04-ABA5-1F7DDADD16E2}.Debug|Any CPU.Build.0 = Debug|Any CPU
		{6F479504-94CA-4D04-ABA5-1F7DDADD16E2}.Release|Any CPU.ActiveCfg = Release|Any CPU
		{6F479504-94CA-4D04-ABA5-1F7DDADD16E2}.Release|Any CPU.Build.0 = Release|Any CPU
	EndGlobalSection
	GlobalSection(SolutionProperties) = preSolution
		HideSolutionNode = FALSE
	EndGlobalSection
	GlobalSection(ExtensibilityGlobals) = postSolution
		SolutionGuid = {D854C7B9-54B0-434E-A3AB-8E7C8BA8A23F}
	EndGlobalSection
EndGlobal
